// !$*UTF8*$!
{
	archiveVersion = 1;
	classes = {
	};
	objectVersion = 46;
	objects = {

/* Begin PBXBuildFile section */
		6228F4EE1A962ED500EA11A8 /* level-3-planet.txt in Resources */ = {isa = PBXBuildFile; fileRef = 6228F4E91A962ED500EA11A8 /* level-3-planet.txt */; };
		6228F4EF1A962ED500EA11A8 /* level-4-space.txt in Resources */ = {isa = PBXBuildFile; fileRef = 6228F4EA1A962ED500EA11A8 /* level-4-space.txt */; };
		6228F4F01A962ED500EA11A8 /* level-5-stars.txt in Resources */ = {isa = PBXBuildFile; fileRef = 6228F4EB1A962ED500EA11A8 /* level-5-stars.txt */; };
		6228F4F11A962ED500EA11A8 /* level-6-earth.txt in Resources */ = {isa = PBXBuildFile; fileRef = 6228F4EC1A962ED500EA11A8 /* level-6-earth.txt */; };
		6228F4F21A962ED500EA11A8 /* level-7-moon.txt in Resources */ = {isa = PBXBuildFile; fileRef = 6228F4ED1A962ED500EA11A8 /* level-7-moon.txt */; };
		626B52321AA88ACE0028C232 /* OutOfRangeSound.mp3 in Resources */ = {isa = PBXBuildFile; fileRef = 626B52311AA88ACE0028C232 /* OutOfRangeSound.mp3 */; };
		626B52381AA895440028C232 /* LaunchScreen.xib in Resources */ = {isa = PBXBuildFile; fileRef = 62E88D1B1A8BD69F00B07CCA /* LaunchScreen.xib */; };
		62A07D561AA0A03C00E01D66 /* BaddieLaser.mp3 in Resources */ = {isa = PBXBuildFile; fileRef = 62A07D4E1AA0A03C00E01D66 /* BaddieLaser.mp3 */; };
		62A07D581AA0A03C00E01D66 /* EnemyLaugh.mp3 in Resources */ = {isa = PBXBuildFile; fileRef = 62A07D501AA0A03C00E01D66 /* EnemyLaugh.mp3 */; };
		62A07D591AA0A03C00E01D66 /* LaserHit.mp3 in Resources */ = {isa = PBXBuildFile; fileRef = 62A07D511AA0A03C00E01D66 /* LaserHit.mp3 */; };
		62A07D5B1AA0A03C00E01D66 /* starsMusic.mp3 in Resources */ = {isa = PBXBuildFile; fileRef = 62A07D531AA0A03C00E01D66 /* starsMusic.mp3 */; };
		62A07D5C1AA0A03C00E01D66 /* WordDudeBG.mp3 in Resources */ = {isa = PBXBuildFile; fileRef = 62A07D541AA0A03C00E01D66 /* WordDudeBG.mp3 */; };
		62A07D5D1AA0A03C00E01D66 /* Yeah.mp3 in Resources */ = {isa = PBXBuildFile; fileRef = 62A07D551AA0A03C00E01D66 /* Yeah.mp3 */; };
		62AA74B31AB3136C00EEE38D /* A.swift in Sources */ = {isa = PBXBuildFile; fileRef = 62AA74A01AB3136C00EEE38D /* A.swift */; };
		62AA74B41AB3136C00EEE38D /* B.swift in Sources */ = {isa = PBXBuildFile; fileRef = 62AA74A11AB3136C00EEE38D /* B.swift */; };
		62AA74B51AB3136C00EEE38D /* C.swift in Sources */ = {isa = PBXBuildFile; fileRef = 62AA74A21AB3136C00EEE38D /* C.swift */; };
		62AA74B61AB3136C00EEE38D /* E.swift in Sources */ = {isa = PBXBuildFile; fileRef = 62AA74A31AB3136C00EEE38D /* E.swift */; };
		62AA74B71AB3136C00EEE38D /* G.swift in Sources */ = {isa = PBXBuildFile; fileRef = 62AA74A41AB3136C00EEE38D /* G.swift */; };
		62AA74B81AB3136C00EEE38D /* H.swift in Sources */ = {isa = PBXBuildFile; fileRef = 62AA74A51AB3136C00EEE38D /* H.swift */; };
		62AA74B91AB3136C00EEE38D /* I.swift in Sources */ = {isa = PBXBuildFile; fileRef = 62AA74A61AB3136C00EEE38D /* I.swift */; };
		62AA74BA1AB3136C00EEE38D /* K.swift in Sources */ = {isa = PBXBuildFile; fileRef = 62AA74A71AB3136C00EEE38D /* K.swift */; };
		62AA74BB1AB3136C00EEE38D /* L.swift in Sources */ = {isa = PBXBuildFile; fileRef = 62AA74A81AB3136C00EEE38D /* L.swift */; };
		62AA74BC1AB3136C00EEE38D /* M.swift in Sources */ = {isa = PBXBuildFile; fileRef = 62AA74A91AB3136C00EEE38D /* M.swift */; };
		62AA74BD1AB3136C00EEE38D /* N.swift in Sources */ = {isa = PBXBuildFile; fileRef = 62AA74AA1AB3136C00EEE38D /* N.swift */; };
		62AA74BE1AB3136C00EEE38D /* O.swift in Sources */ = {isa = PBXBuildFile; fileRef = 62AA74AB1AB3136C00EEE38D /* O.swift */; };
		62AA74BF1AB3136C00EEE38D /* P.swift in Sources */ = {isa = PBXBuildFile; fileRef = 62AA74AC1AB3136C00EEE38D /* P.swift */; };
		62AA74C01AB3136C00EEE38D /* R.swift in Sources */ = {isa = PBXBuildFile; fileRef = 62AA74AD1AB3136C00EEE38D /* R.swift */; };
		62AA74C11AB3136C00EEE38D /* S.swift in Sources */ = {isa = PBXBuildFile; fileRef = 62AA74AE1AB3136C00EEE38D /* S.swift */; };
		62AA74C21AB3136C00EEE38D /* T.swift in Sources */ = {isa = PBXBuildFile; fileRef = 62AA74AF1AB3136C00EEE38D /* T.swift */; };
		62AA74C31AB3136C00EEE38D /* U.swift in Sources */ = {isa = PBXBuildFile; fileRef = 62AA74B01AB3136C00EEE38D /* U.swift */; };
		62AA74C41AB3136C00EEE38D /* X.swift in Sources */ = {isa = PBXBuildFile; fileRef = 62AA74B11AB3136C00EEE38D /* X.swift */; };
		62AA74C51AB3136C00EEE38D /* Y.swift in Sources */ = {isa = PBXBuildFile; fileRef = 62AA74B21AB3136C00EEE38D /* Y.swift */; };
		62AA74C91AB313CC00EEE38D /* Baddie.swift in Sources */ = {isa = PBXBuildFile; fileRef = 62AA74C61AB313CC00EEE38D /* Baddie.swift */; };
		62AA74CA1AB313CC00EEE38D /* Moon.swift in Sources */ = {isa = PBXBuildFile; fileRef = 62AA74C71AB313CC00EEE38D /* Moon.swift */; };
		62AA74CB1AB313CC00EEE38D /* Player.swift in Sources */ = {isa = PBXBuildFile; fileRef = 62AA74C81AB313CC00EEE38D /* Player.swift */; };
		62AA74EC1AB3144100EEE38D /* Continue.png in Resources */ = {isa = PBXBuildFile; fileRef = 62AA74CE1AB3144100EEE38D /* Continue.png */; };
		62AA74ED1AB3144100EEE38D /* fire.png in Resources */ = {isa = PBXBuildFile; fileRef = 62AA74CF1AB3144100EEE38D /* fire.png */; };
		62AA74EE1AB3144100EEE38D /* GreenHealth.png in Resources */ = {isa = PBXBuildFile; fileRef = 62AA74D01AB3144100EEE38D /* GreenHealth.png */; };
		62AA74EF1AB3144100EEE38D /* HUD.png in Resources */ = {isa = PBXBuildFile; fileRef = 62AA74D11AB3144100EEE38D /* HUD.png */; };
		62AA74F01AB3144100EEE38D /* HUD2.png in Resources */ = {isa = PBXBuildFile; fileRef = 62AA74D21AB3144100EEE38D /* HUD2.png */; };
		62AA74F11AB3144100EEE38D /* HUDfire.png in Resources */ = {isa = PBXBuildFile; fileRef = 62AA74D31AB3144100EEE38D /* HUDfire.png */; };
		62AA74F21AB3144100EEE38D /* characters.atlas in Resources */ = {isa = PBXBuildFile; fileRef = 62AA74D51AB3144100EEE38D /* characters.atlas */; };
		62AA74F31AB3144100EEE38D /* letters.atlas in Resources */ = {isa = PBXBuildFile; fileRef = 62AA74D61AB3144100EEE38D /* letters.atlas */; };
		62AA74F41AB3144100EEE38D /* scenery.atlas in Resources */ = {isa = PBXBuildFile; fileRef = 62AA74D71AB3144100EEE38D /* scenery.atlas */; };
		62AA74F51AB3144100EEE38D /* Instruction.png in Resources */ = {isa = PBXBuildFile; fileRef = 62AA74D81AB3144100EEE38D /* Instruction.png */; };
		62AA74F61AB3144100EEE38D /* Instructions.png in Resources */ = {isa = PBXBuildFile; fileRef = 62AA74D91AB3144100EEE38D /* Instructions.png */; };
		62AA74F71AB3144100EEE38D /* InstructionsScreen.png in Resources */ = {isa = PBXBuildFile; fileRef = 62AA74DA1AB3144100EEE38D /* InstructionsScreen.png */; };
		62AA74F81AB3144100EEE38D /* JustSpace2.png in Resources */ = {isa = PBXBuildFile; fileRef = 62AA74DB1AB3144100EEE38D /* JustSpace2.png */; };
		62AA74FA1AB3144100EEE38D /* Launch.png in Resources */ = {isa = PBXBuildFile; fileRef = 62AA74DD1AB3144100EEE38D /* Launch.png */; };
		62AA74FB1AB3144100EEE38D /* letterBlank.png in Resources */ = {isa = PBXBuildFile; fileRef = 62AA74DE1AB3144100EEE38D /* letterBlank.png */; };
		62AA74FC1AB3144100EEE38D /* MainMenu.png in Resources */ = {isa = PBXBuildFile; fileRef = 62AA74DF1AB3144100EEE38D /* MainMenu.png */; };
		62AA74FD1AB3144100EEE38D /* NextWord.png in Resources */ = {isa = PBXBuildFile; fileRef = 62AA74E01AB3144100EEE38D /* NextWord.png */; };
		62AA74FE1AB3144100EEE38D /* OutOfRange.png in Resources */ = {isa = PBXBuildFile; fileRef = 62AA74E11AB3144100EEE38D /* OutOfRange.png */; };
		62AA74FF1AB3144100EEE38D /* pause.png in Resources */ = {isa = PBXBuildFile; fileRef = 62AA74E21AB3144100EEE38D /* pause.png */; };
		62AA75001AB3144100EEE38D /* PauseMenuBG.png in Resources */ = {isa = PBXBuildFile; fileRef = 62AA74E31AB3144100EEE38D /* PauseMenuBG.png */; };
		62AA75011AB3144100EEE38D /* PlayGame.png in Resources */ = {isa = PBXBuildFile; fileRef = 62AA74E41AB3144100EEE38D /* PlayGame.png */; };
		62AA75021AB3144100EEE38D /* ShipStatus.png in Resources */ = {isa = PBXBuildFile; fileRef = 62AA74E51AB3144100EEE38D /* ShipStatus.png */; };
		62AA75031AB3144100EEE38D /* spark.png in Resources */ = {isa = PBXBuildFile; fileRef = 62AA74E61AB3144100EEE38D /* spark.png */; };
		62AA75041AB3144100EEE38D /* spark2.png in Resources */ = {isa = PBXBuildFile; fileRef = 62AA74E71AB3144100EEE38D /* spark2.png */; };
		62AA75051AB3144100EEE38D /* spark3.png in Resources */ = {isa = PBXBuildFile; fileRef = 62AA74E81AB3144100EEE38D /* spark3.png */; };
		62AA75061AB3144100EEE38D /* TryAgain.png in Resources */ = {isa = PBXBuildFile; fileRef = 62AA74E91AB3144100EEE38D /* TryAgain.png */; };
		62AA75071AB3144100EEE38D /* YouDidIt.png in Resources */ = {isa = PBXBuildFile; fileRef = 62AA74EA1AB3144100EEE38D /* YouDidIt.png */; };
		62AA75081AB3144100EEE38D /* YouExploded.png in Resources */ = {isa = PBXBuildFile; fileRef = 62AA74EB1AB3144100EEE38D /* YouExploded.png */; };
		62AA750F1AB314FD00EEE38D /* EnemyEngine.sks in Resources */ = {isa = PBXBuildFile; fileRef = 62AA750A1AB314FD00EEE38D /* EnemyEngine.sks */; };
		62AA75101AB314FD00EEE38D /* EnemyEngine~.sks in Resources */ = {isa = PBXBuildFile; fileRef = 62AA750B1AB314FD00EEE38D /* EnemyEngine~.sks */; };
		62AA75111AB314FD00EEE38D /* EnemyExplodes.sks in Resources */ = {isa = PBXBuildFile; fileRef = 62AA750C1AB314FD00EEE38D /* EnemyExplodes.sks */; };
		62AA75121AB314FD00EEE38D /* Engines.sks in Resources */ = {isa = PBXBuildFile; fileRef = 62AA750D1AB314FD00EEE38D /* Engines.sks */; };
		62AA75131AB314FD00EEE38D /* Stars.sks in Resources */ = {isa = PBXBuildFile; fileRef = 62AA750E1AB314FD00EEE38D /* Stars.sks */; };
		62D7753A1AA8A38400CB703B /* EnemyExplodes.mp3 in Resources */ = {isa = PBXBuildFile; fileRef = 62D775381AA8A38400CB703B /* EnemyExplodes.mp3 */; };
		62D7753B1AA8A38400CB703B /* RocketLaunch.mp3 in Resources */ = {isa = PBXBuildFile; fileRef = 62D775391AA8A38400CB703B /* RocketLaunch.mp3 */; };
		62D7754E1AA8AAD700CB703B /* level-8-orbit.txt in Resources */ = {isa = PBXBuildFile; fileRef = 62D775491AA8AAD700CB703B /* level-8-orbit.txt */; };
		62D7754F1AA8AAD700CB703B /* level-9-comet.txt in Resources */ = {isa = PBXBuildFile; fileRef = 62D7754A1AA8AAD700CB703B /* level-9-comet.txt */; };
		62D775501AA8AAD700CB703B /* level-10-galaxy.txt in Resources */ = {isa = PBXBuildFile; fileRef = 62D7754B1AA8AAD700CB703B /* level-10-galaxy.txt */; };
		62D775511AA8AAD700CB703B /* level-11-nebula.txt in Resources */ = {isa = PBXBuildFile; fileRef = 62D7754C1AA8AAD700CB703B /* level-11-nebula.txt */; };
		62D775521AA8AAD700CB703B /* level-12-sun.txt in Resources */ = {isa = PBXBuildFile; fileRef = 62D7754D1AA8AAD700CB703B /* level-12-sun.txt */; };
		62D775531AA8DDB600CB703B /* Main.storyboard in Resources */ = {isa = PBXBuildFile; fileRef = 62E88D161A8BD69F00B07CCA /* Main.storyboard */; };
		62E88D1A1A8BD69F00B07CCA /* Images.xcassets in Resources */ = {isa = PBXBuildFile; fileRef = 62E88D191A8BD69F00B07CCA /* Images.xcassets */; };
		62E88D291A8BD69F00B07CCA /* Word_DudeTests.swift in Sources */ = {isa = PBXBuildFile; fileRef = 62E88D281A8BD69F00B07CCA /* Word_DudeTests.swift */; };
		62E88D3A1A8BD77000B07CCA /* AppDelegate.swift in Sources */ = {isa = PBXBuildFile; fileRef = 62E88D391A8BD77000B07CCA /* AppDelegate.swift */; };
		62E88D3C1A8BD77900B07CCA /* GameScene.swift in Sources */ = {isa = PBXBuildFile; fileRef = 62E88D3B1A8BD77900B07CCA /* GameScene.swift */; };
		62E88D3E1A8BD78C00B07CCA /* TileMapLayer.swift in Sources */ = {isa = PBXBuildFile; fileRef = 62E88D3D1A8BD78C00B07CCA /* TileMapLayer.swift */; };
		62E88D421A8BD79500B07CCA /* Types.swift in Sources */ = {isa = PBXBuildFile; fileRef = 62E88D401A8BD79500B07CCA /* Types.swift */; };
		62E88D541A8BD79F00B07CCA /* level-1-background.txt in Resources */ = {isa = PBXBuildFile; fileRef = 62E88D491A8BD79F00B07CCA /* level-1-background.txt */; };
		62E88D551A8BD79F00B07CCA /* level-1-rocket.txt in Resources */ = {isa = PBXBuildFile; fileRef = 62E88D4A1A8BD79F00B07CCA /* level-1-rocket.txt */; };
		62E88D581A8BD79F00B07CCA /* level-2-cosmos.txt in Resources */ = {isa = PBXBuildFile; fileRef = 62E88D4D1A8BD79F00B07CCA /* level-2-cosmos.txt */; };
		62E88D5B1A8BD79F00B07CCA /* Levels.plist in Resources */ = {isa = PBXBuildFile; fileRef = 62E88D501A8BD79F00B07CCA /* Levels.plist */; };
		62E88D5C1A8BD79F00B07CCA /* TileMapLayerLoader.swift in Sources */ = {isa = PBXBuildFile; fileRef = 62E88D511A8BD79F00B07CCA /* TileMapLayerLoader.swift */; };
		62E88D771A8BD7AB00B07CCA /* CGFloat+Extensions.swift in Sources */ = {isa = PBXBuildFile; fileRef = 62E88D5F1A8BD7AB00B07CCA /* CGFloat+Extensions.swift */; };
		62E88D791A8BD7AB00B07CCA /* CGPoint+Extensions.swift in Sources */ = {isa = PBXBuildFile; fileRef = 62E88D611A8BD7AB00B07CCA /* CGPoint+Extensions.swift */; };
		62E88D7B1A8BD7AB00B07CCA /* CGVector+Extensions.swift in Sources */ = {isa = PBXBuildFile; fileRef = 62E88D631A8BD7AB00B07CCA /* CGVector+Extensions.swift */; };
		62E88D7D1A8BD7AB00B07CCA /* Int+Extensions.swift in Sources */ = {isa = PBXBuildFile; fileRef = 62E88D651A8BD7AB00B07CCA /* Int+Extensions.swift */; };
		62E88D7F1A8BD7AB00B07CCA /* SKAction+Extensions.swift in Sources */ = {isa = PBXBuildFile; fileRef = 62E88D671A8BD7AB00B07CCA /* SKAction+Extensions.swift */; };
		62E88D811A8BD7AB00B07CCA /* SKAction+SpecialEffects.swift in Sources */ = {isa = PBXBuildFile; fileRef = 62E88D691A8BD7AB00B07CCA /* SKAction+SpecialEffects.swift */; };
		62E88D831A8BD7AB00B07CCA /* SKColor+Extensions.swift in Sources */ = {isa = PBXBuildFile; fileRef = 62E88D6B1A8BD7AB00B07CCA /* SKColor+Extensions.swift */; };
		62E88D851A8BD7AB00B07CCA /* SKNode+Extensions.swift in Sources */ = {isa = PBXBuildFile; fileRef = 62E88D6D1A8BD7AB00B07CCA /* SKNode+Extensions.swift */; };
		62E88D871A8BD7AB00B07CCA /* SKTAudio.swift in Sources */ = {isa = PBXBuildFile; fileRef = 62E88D6F1A8BD7AB00B07CCA /* SKTAudio.swift */; };
		62E88D891A8BD7AB00B07CCA /* SKTEffects.swift in Sources */ = {isa = PBXBuildFile; fileRef = 62E88D711A8BD7AB00B07CCA /* SKTEffects.swift */; };
		62E88D8B1A8BD7AB00B07CCA /* SKTTimingFunctions.swift in Sources */ = {isa = PBXBuildFile; fileRef = 62E88D731A8BD7AB00B07CCA /* SKTTimingFunctions.swift */; };
		62E88D8D1A8BD7AB00B07CCA /* Vector3.swift in Sources */ = {isa = PBXBuildFile; fileRef = 62E88D751A8BD7AB00B07CCA /* Vector3.swift */; };
		62E88D921A8BD89200B07CCA /* GameViewController.swift in Sources */ = {isa = PBXBuildFile; fileRef = 62E88D911A8BD89200B07CCA /* GameViewController.swift */; };
/* End PBXBuildFile section */

/* Begin PBXContainerItemProxy section */
		62E88D231A8BD69F00B07CCA /* PBXContainerItemProxy */ = {
			isa = PBXContainerItemProxy;
			containerPortal = 62E88D011A8BD69F00B07CCA /* Project object */;
			proxyType = 1;
			remoteGlobalIDString = 62E88D081A8BD69F00B07CCA;
			remoteInfo = "Word Dude";
		};
/* End PBXContainerItemProxy section */

/* Begin PBXFileReference section */
		6228F4E91A962ED500EA11A8 /* level-3-planet.txt */ = {isa = PBXFileReference; fileEncoding = 4; lastKnownFileType = text; path = "level-3-planet.txt"; sourceTree = "<group>"; };
		6228F4EA1A962ED500EA11A8 /* level-4-space.txt */ = {isa = PBXFileReference; fileEncoding = 4; lastKnownFileType = text; path = "level-4-space.txt"; sourceTree = "<group>"; };
		6228F4EB1A962ED500EA11A8 /* level-5-stars.txt */ = {isa = PBXFileReference; fileEncoding = 4; lastKnownFileType = text; path = "level-5-stars.txt"; sourceTree = "<group>"; };
		6228F4EC1A962ED500EA11A8 /* level-6-earth.txt */ = {isa = PBXFileReference; fileEncoding = 4; lastKnownFileType = text; path = "level-6-earth.txt"; sourceTree = "<group>"; };
		6228F4ED1A962ED500EA11A8 /* level-7-moon.txt */ = {isa = PBXFileReference; fileEncoding = 4; lastKnownFileType = text; path = "level-7-moon.txt"; sourceTree = "<group>"; };
		626B52311AA88ACE0028C232 /* OutOfRangeSound.mp3 */ = {isa = PBXFileReference; lastKnownFileType = audio.mp3; name = OutOfRangeSound.mp3; path = Sounds/OutOfRangeSound.mp3; sourceTree = "<group>"; };
		62A07D4E1AA0A03C00E01D66 /* BaddieLaser.mp3 */ = {isa = PBXFileReference; lastKnownFileType = audio.mp3; name = BaddieLaser.mp3; path = Sounds/BaddieLaser.mp3; sourceTree = "<group>"; };
		62A07D501AA0A03C00E01D66 /* EnemyLaugh.mp3 */ = {isa = PBXFileReference; lastKnownFileType = audio.mp3; name = EnemyLaugh.mp3; path = Sounds/EnemyLaugh.mp3; sourceTree = "<group>"; };
		62A07D511AA0A03C00E01D66 /* LaserHit.mp3 */ = {isa = PBXFileReference; lastKnownFileType = audio.mp3; name = LaserHit.mp3; path = Sounds/LaserHit.mp3; sourceTree = "<group>"; };
		62A07D531AA0A03C00E01D66 /* starsMusic.mp3 */ = {isa = PBXFileReference; lastKnownFileType = audio.mp3; name = starsMusic.mp3; path = Sounds/starsMusic.mp3; sourceTree = "<group>"; };
		62A07D541AA0A03C00E01D66 /* WordDudeBG.mp3 */ = {isa = PBXFileReference; lastKnownFileType = audio.mp3; name = WordDudeBG.mp3; path = Sounds/WordDudeBG.mp3; sourceTree = "<group>"; };
		62A07D551AA0A03C00E01D66 /* Yeah.mp3 */ = {isa = PBXFileReference; lastKnownFileType = audio.mp3; name = Yeah.mp3; path = Sounds/Yeah.mp3; sourceTree = "<group>"; };
		62AA74A01AB3136C00EEE38D /* A.swift */ = {isa = PBXFileReference; fileEncoding = 4; lastKnownFileType = sourcecode.swift; name = A.swift; path = LetterFiles/A.swift; sourceTree = "<group>"; };
		62AA74A11AB3136C00EEE38D /* B.swift */ = {isa = PBXFileReference; fileEncoding = 4; lastKnownFileType = sourcecode.swift; name = B.swift; path = LetterFiles/B.swift; sourceTree = "<group>"; };
		62AA74A21AB3136C00EEE38D /* C.swift */ = {isa = PBXFileReference; fileEncoding = 4; lastKnownFileType = sourcecode.swift; name = C.swift; path = LetterFiles/C.swift; sourceTree = "<group>"; };
		62AA74A31AB3136C00EEE38D /* E.swift */ = {isa = PBXFileReference; fileEncoding = 4; lastKnownFileType = sourcecode.swift; name = E.swift; path = LetterFiles/E.swift; sourceTree = "<group>"; };
		62AA74A41AB3136C00EEE38D /* G.swift */ = {isa = PBXFileReference; fileEncoding = 4; lastKnownFileType = sourcecode.swift; name = G.swift; path = LetterFiles/G.swift; sourceTree = "<group>"; };
		62AA74A51AB3136C00EEE38D /* H.swift */ = {isa = PBXFileReference; fileEncoding = 4; lastKnownFileType = sourcecode.swift; name = H.swift; path = LetterFiles/H.swift; sourceTree = "<group>"; };
		62AA74A61AB3136C00EEE38D /* I.swift */ = {isa = PBXFileReference; fileEncoding = 4; lastKnownFileType = sourcecode.swift; name = I.swift; path = LetterFiles/I.swift; sourceTree = "<group>"; };
		62AA74A71AB3136C00EEE38D /* K.swift */ = {isa = PBXFileReference; fileEncoding = 4; lastKnownFileType = sourcecode.swift; name = K.swift; path = LetterFiles/K.swift; sourceTree = "<group>"; };
		62AA74A81AB3136C00EEE38D /* L.swift */ = {isa = PBXFileReference; fileEncoding = 4; lastKnownFileType = sourcecode.swift; name = L.swift; path = LetterFiles/L.swift; sourceTree = "<group>"; };
		62AA74A91AB3136C00EEE38D /* M.swift */ = {isa = PBXFileReference; fileEncoding = 4; lastKnownFileType = sourcecode.swift; name = M.swift; path = LetterFiles/M.swift; sourceTree = "<group>"; };
		62AA74AA1AB3136C00EEE38D /* N.swift */ = {isa = PBXFileReference; fileEncoding = 4; lastKnownFileType = sourcecode.swift; name = N.swift; path = LetterFiles/N.swift; sourceTree = "<group>"; };
		62AA74AB1AB3136C00EEE38D /* O.swift */ = {isa = PBXFileReference; fileEncoding = 4; lastKnownFileType = sourcecode.swift; name = O.swift; path = LetterFiles/O.swift; sourceTree = "<group>"; };
		62AA74AC1AB3136C00EEE38D /* P.swift */ = {isa = PBXFileReference; fileEncoding = 4; lastKnownFileType = sourcecode.swift; name = P.swift; path = LetterFiles/P.swift; sourceTree = "<group>"; };
		62AA74AD1AB3136C00EEE38D /* R.swift */ = {isa = PBXFileReference; fileEncoding = 4; lastKnownFileType = sourcecode.swift; name = R.swift; path = LetterFiles/R.swift; sourceTree = "<group>"; };
		62AA74AE1AB3136C00EEE38D /* S.swift */ = {isa = PBXFileReference; fileEncoding = 4; lastKnownFileType = sourcecode.swift; name = S.swift; path = LetterFiles/S.swift; sourceTree = "<group>"; };
		62AA74AF1AB3136C00EEE38D /* T.swift */ = {isa = PBXFileReference; fileEncoding = 4; lastKnownFileType = sourcecode.swift; name = T.swift; path = LetterFiles/T.swift; sourceTree = "<group>"; };
		62AA74B01AB3136C00EEE38D /* U.swift */ = {isa = PBXFileReference; fileEncoding = 4; lastKnownFileType = sourcecode.swift; name = U.swift; path = LetterFiles/U.swift; sourceTree = "<group>"; };
		62AA74B11AB3136C00EEE38D /* X.swift */ = {isa = PBXFileReference; fileEncoding = 4; lastKnownFileType = sourcecode.swift; name = X.swift; path = LetterFiles/X.swift; sourceTree = "<group>"; };
		62AA74B21AB3136C00EEE38D /* Y.swift */ = {isa = PBXFileReference; fileEncoding = 4; lastKnownFileType = sourcecode.swift; name = Y.swift; path = LetterFiles/Y.swift; sourceTree = "<group>"; };
		62AA74C61AB313CC00EEE38D /* Baddie.swift */ = {isa = PBXFileReference; fileEncoding = 4; lastKnownFileType = sourcecode.swift; name = Baddie.swift; path = "Game Items/Baddie.swift"; sourceTree = "<group>"; };
		62AA74C71AB313CC00EEE38D /* Moon.swift */ = {isa = PBXFileReference; fileEncoding = 4; lastKnownFileType = sourcecode.swift; name = Moon.swift; path = "Game Items/Moon.swift"; sourceTree = "<group>"; };
		62AA74C81AB313CC00EEE38D /* Player.swift */ = {isa = PBXFileReference; fileEncoding = 4; lastKnownFileType = sourcecode.swift; name = Player.swift; path = "Game Items/Player.swift"; sourceTree = "<group>"; };
		62AA74CE1AB3144100EEE38D /* Continue.png */ = {isa = PBXFileReference; lastKnownFileType = image.png; path = Continue.png; sourceTree = "<group>"; };
		62AA74CF1AB3144100EEE38D /* fire.png */ = {isa = PBXFileReference; lastKnownFileType = image.png; path = fire.png; sourceTree = "<group>"; };
		62AA74D01AB3144100EEE38D /* GreenHealth.png */ = {isa = PBXFileReference; lastKnownFileType = image.png; path = GreenHealth.png; sourceTree = "<group>"; };
		62AA74D11AB3144100EEE38D /* HUD.png */ = {isa = PBXFileReference; lastKnownFileType = image.png; path = HUD.png; sourceTree = "<group>"; };
		62AA74D21AB3144100EEE38D /* HUD2.png */ = {isa = PBXFileReference; lastKnownFileType = image.png; path = HUD2.png; sourceTree = "<group>"; };
		62AA74D31AB3144100EEE38D /* HUDfire.png */ = {isa = PBXFileReference; lastKnownFileType = image.png; path = HUDfire.png; sourceTree = "<group>"; };
		62AA74D51AB3144100EEE38D /* characters.atlas */ = {isa = PBXFileReference; lastKnownFileType = folder.skatlas; path = characters.atlas; sourceTree = "<group>"; };
		62AA74D61AB3144100EEE38D /* letters.atlas */ = {isa = PBXFileReference; lastKnownFileType = folder.skatlas; path = letters.atlas; sourceTree = "<group>"; };
		62AA74D71AB3144100EEE38D /* scenery.atlas */ = {isa = PBXFileReference; lastKnownFileType = folder.skatlas; path = scenery.atlas; sourceTree = "<group>"; };
		62AA74D81AB3144100EEE38D /* Instruction.png */ = {isa = PBXFileReference; lastKnownFileType = image.png; path = Instruction.png; sourceTree = "<group>"; };
		62AA74D91AB3144100EEE38D /* Instructions.png */ = {isa = PBXFileReference; lastKnownFileType = image.png; path = Instructions.png; sourceTree = "<group>"; };
		62AA74DA1AB3144100EEE38D /* InstructionsScreen.png */ = {isa = PBXFileReference; lastKnownFileType = image.png; path = InstructionsScreen.png; sourceTree = "<group>"; };
		62AA74DB1AB3144100EEE38D /* JustSpace2.png */ = {isa = PBXFileReference; lastKnownFileType = image.png; path = JustSpace2.png; sourceTree = "<group>"; };
		62AA74DD1AB3144100EEE38D /* Launch.png */ = {isa = PBXFileReference; lastKnownFileType = image.png; path = Launch.png; sourceTree = "<group>"; };
		62AA74DE1AB3144100EEE38D /* letterBlank.png */ = {isa = PBXFileReference; lastKnownFileType = image.png; path = letterBlank.png; sourceTree = "<group>"; };
		62AA74DF1AB3144100EEE38D /* MainMenu.png */ = {isa = PBXFileReference; lastKnownFileType = image.png; path = MainMenu.png; sourceTree = "<group>"; };
		62AA74E01AB3144100EEE38D /* NextWord.png */ = {isa = PBXFileReference; lastKnownFileType = image.png; path = NextWord.png; sourceTree = "<group>"; };
		62AA74E11AB3144100EEE38D /* OutOfRange.png */ = {isa = PBXFileReference; lastKnownFileType = image.png; path = OutOfRange.png; sourceTree = "<group>"; };
		62AA74E21AB3144100EEE38D /* pause.png */ = {isa = PBXFileReference; lastKnownFileType = image.png; path = pause.png; sourceTree = "<group>"; };
		62AA74E31AB3144100EEE38D /* PauseMenuBG.png */ = {isa = PBXFileReference; lastKnownFileType = image.png; path = PauseMenuBG.png; sourceTree = "<group>"; };
		62AA74E41AB3144100EEE38D /* PlayGame.png */ = {isa = PBXFileReference; lastKnownFileType = image.png; path = PlayGame.png; sourceTree = "<group>"; };
		62AA74E51AB3144100EEE38D /* ShipStatus.png */ = {isa = PBXFileReference; lastKnownFileType = image.png; path = ShipStatus.png; sourceTree = "<group>"; };
		62AA74E61AB3144100EEE38D /* spark.png */ = {isa = PBXFileReference; lastKnownFileType = image.png; path = spark.png; sourceTree = "<group>"; };
		62AA74E71AB3144100EEE38D /* spark2.png */ = {isa = PBXFileReference; lastKnownFileType = image.png; path = spark2.png; sourceTree = "<group>"; };
		62AA74E81AB3144100EEE38D /* spark3.png */ = {isa = PBXFileReference; lastKnownFileType = image.png; path = spark3.png; sourceTree = "<group>"; };
		62AA74E91AB3144100EEE38D /* TryAgain.png */ = {isa = PBXFileReference; lastKnownFileType = image.png; path = TryAgain.png; sourceTree = "<group>"; };
		62AA74EA1AB3144100EEE38D /* YouDidIt.png */ = {isa = PBXFileReference; lastKnownFileType = image.png; path = YouDidIt.png; sourceTree = "<group>"; };
		62AA74EB1AB3144100EEE38D /* YouExploded.png */ = {isa = PBXFileReference; lastKnownFileType = image.png; path = YouExploded.png; sourceTree = "<group>"; };
		62AA750A1AB314FD00EEE38D /* EnemyEngine.sks */ = {isa = PBXFileReference; lastKnownFileType = file.sks; path = EnemyEngine.sks; sourceTree = "<group>"; };
		62AA750B1AB314FD00EEE38D /* EnemyEngine~.sks */ = {isa = PBXFileReference; lastKnownFileType = file.sks; path = "EnemyEngine~.sks"; sourceTree = "<group>"; };
		62AA750C1AB314FD00EEE38D /* EnemyExplodes.sks */ = {isa = PBXFileReference; lastKnownFileType = file.sks; path = EnemyExplodes.sks; sourceTree = "<group>"; };
		62AA750D1AB314FD00EEE38D /* Engines.sks */ = {isa = PBXFileReference; lastKnownFileType = file.sks; path = Engines.sks; sourceTree = "<group>"; };
		62AA750E1AB314FD00EEE38D /* Stars.sks */ = {isa = PBXFileReference; lastKnownFileType = file.sks; path = Stars.sks; sourceTree = "<group>"; };
		62D775371AA8A0C300CB703B /* en */ = {isa = PBXFileReference; lastKnownFileType = file.xib; name = en; path = en.lproj/LaunchScreen.xib; sourceTree = "<group>"; };
		62D775381AA8A38400CB703B /* EnemyExplodes.mp3 */ = {isa = PBXFileReference; lastKnownFileType = audio.mp3; name = EnemyExplodes.mp3; path = Sounds/EnemyExplodes.mp3; sourceTree = "<group>"; };
		62D775391AA8A38400CB703B /* RocketLaunch.mp3 */ = {isa = PBXFileReference; lastKnownFileType = audio.mp3; name = RocketLaunch.mp3; path = Sounds/RocketLaunch.mp3; sourceTree = "<group>"; };
		62D7753C1AA8A5CE00CB703B /* Base */ = {isa = PBXFileReference; lastKnownFileType = file.xib; name = Base; path = Base.lproj/LaunchScreen.xib; sourceTree = "<group>"; };
		62D775491AA8AAD700CB703B /* level-8-orbit.txt */ = {isa = PBXFileReference; fileEncoding = 4; lastKnownFileType = text; path = "level-8-orbit.txt"; sourceTree = "<group>"; };
		62D7754A1AA8AAD700CB703B /* level-9-comet.txt */ = {isa = PBXFileReference; fileEncoding = 4; lastKnownFileType = text; path = "level-9-comet.txt"; sourceTree = "<group>"; };
		62D7754B1AA8AAD700CB703B /* level-10-galaxy.txt */ = {isa = PBXFileReference; fileEncoding = 4; lastKnownFileType = text; path = "level-10-galaxy.txt"; sourceTree = "<group>"; };
		62D7754C1AA8AAD700CB703B /* level-11-nebula.txt */ = {isa = PBXFileReference; fileEncoding = 4; lastKnownFileType = text; path = "level-11-nebula.txt"; sourceTree = "<group>"; };
		62D7754D1AA8AAD700CB703B /* level-12-sun.txt */ = {isa = PBXFileReference; fileEncoding = 4; lastKnownFileType = text; path = "level-12-sun.txt"; sourceTree = "<group>"; };
		62D775551AA8DDC500CB703B /* en */ = {isa = PBXFileReference; lastKnownFileType = text.plist.strings; name = en; path = en.lproj/Main.strings; sourceTree = "<group>"; };
		62E88D091A8BD69F00B07CCA /* Word Dude.app */ = {isa = PBXFileReference; explicitFileType = wrapper.application; includeInIndex = 0; path = "Word Dude.app"; sourceTree = BUILT_PRODUCTS_DIR; };
		62E88D0D1A8BD69F00B07CCA /* Info.plist */ = {isa = PBXFileReference; lastKnownFileType = text.plist.xml; path = Info.plist; sourceTree = "<group>"; };
		62E88D171A8BD69F00B07CCA /* Base */ = {isa = PBXFileReference; lastKnownFileType = file.storyboard; name = Base; path = Base.lproj/Main.storyboard; sourceTree = "<group>"; };
		62E88D191A8BD69F00B07CCA /* Images.xcassets */ = {isa = PBXFileReference; lastKnownFileType = folder.assetcatalog; path = Images.xcassets; sourceTree = "<group>"; };
		62E88D221A8BD69F00B07CCA /* Word DudeTests.xctest */ = {isa = PBXFileReference; explicitFileType = wrapper.cfbundle; includeInIndex = 0; path = "Word DudeTests.xctest"; sourceTree = BUILT_PRODUCTS_DIR; };
		62E88D271A8BD69F00B07CCA /* Info.plist */ = {isa = PBXFileReference; lastKnownFileType = text.plist.xml; path = Info.plist; sourceTree = "<group>"; };
		62E88D281A8BD69F00B07CCA /* Word_DudeTests.swift */ = {isa = PBXFileReference; lastKnownFileType = sourcecode.swift; path = Word_DudeTests.swift; sourceTree = "<group>"; };
		62E88D391A8BD77000B07CCA /* AppDelegate.swift */ = {isa = PBXFileReference; fileEncoding = 4; lastKnownFileType = sourcecode.swift; path = AppDelegate.swift; sourceTree = "<group>"; };
		62E88D3B1A8BD77900B07CCA /* GameScene.swift */ = {isa = PBXFileReference; fileEncoding = 4; lastKnownFileType = sourcecode.swift; path = GameScene.swift; sourceTree = "<group>"; };
		62E88D3D1A8BD78C00B07CCA /* TileMapLayer.swift */ = {isa = PBXFileReference; fileEncoding = 4; lastKnownFileType = sourcecode.swift; path = TileMapLayer.swift; sourceTree = "<group>"; };
		62E88D401A8BD79500B07CCA /* Types.swift */ = {isa = PBXFileReference; fileEncoding = 4; lastKnownFileType = sourcecode.swift; path = Types.swift; sourceTree = "<group>"; };
		62E88D491A8BD79F00B07CCA /* level-1-background.txt */ = {isa = PBXFileReference; fileEncoding = 4; lastKnownFileType = text; path = "level-1-background.txt"; sourceTree = "<group>"; };
		62E88D4A1A8BD79F00B07CCA /* level-1-rocket.txt */ = {isa = PBXFileReference; fileEncoding = 4; lastKnownFileType = text; path = "level-1-rocket.txt"; sourceTree = "<group>"; };
		62E88D4D1A8BD79F00B07CCA /* level-2-cosmos.txt */ = {isa = PBXFileReference; fileEncoding = 4; lastKnownFileType = text; path = "level-2-cosmos.txt"; sourceTree = "<group>"; };
		62E88D501A8BD79F00B07CCA /* Levels.plist */ = {isa = PBXFileReference; fileEncoding = 4; lastKnownFileType = text.plist.xml; path = Levels.plist; sourceTree = "<group>"; };
		62E88D511A8BD79F00B07CCA /* TileMapLayerLoader.swift */ = {isa = PBXFileReference; fileEncoding = 4; lastKnownFileType = sourcecode.swift; path = TileMapLayerLoader.swift; sourceTree = "<group>"; };
		62E88D5F1A8BD7AB00B07CCA /* CGFloat+Extensions.swift */ = {isa = PBXFileReference; fileEncoding = 4; lastKnownFileType = sourcecode.swift; path = "CGFloat+Extensions.swift"; sourceTree = "<group>"; };
		62E88D611A8BD7AB00B07CCA /* CGPoint+Extensions.swift */ = {isa = PBXFileReference; fileEncoding = 4; lastKnownFileType = sourcecode.swift; path = "CGPoint+Extensions.swift"; sourceTree = "<group>"; };
		62E88D631A8BD7AB00B07CCA /* CGVector+Extensions.swift */ = {isa = PBXFileReference; fileEncoding = 4; lastKnownFileType = sourcecode.swift; path = "CGVector+Extensions.swift"; sourceTree = "<group>"; };
		62E88D651A8BD7AB00B07CCA /* Int+Extensions.swift */ = {isa = PBXFileReference; fileEncoding = 4; lastKnownFileType = sourcecode.swift; path = "Int+Extensions.swift"; sourceTree = "<group>"; };
		62E88D671A8BD7AB00B07CCA /* SKAction+Extensions.swift */ = {isa = PBXFileReference; fileEncoding = 4; lastKnownFileType = sourcecode.swift; path = "SKAction+Extensions.swift"; sourceTree = "<group>"; };
		62E88D691A8BD7AB00B07CCA /* SKAction+SpecialEffects.swift */ = {isa = PBXFileReference; fileEncoding = 4; lastKnownFileType = sourcecode.swift; path = "SKAction+SpecialEffects.swift"; sourceTree = "<group>"; };
		62E88D6B1A8BD7AB00B07CCA /* SKColor+Extensions.swift */ = {isa = PBXFileReference; fileEncoding = 4; lastKnownFileType = sourcecode.swift; path = "SKColor+Extensions.swift"; sourceTree = "<group>"; };
		62E88D6D1A8BD7AB00B07CCA /* SKNode+Extensions.swift */ = {isa = PBXFileReference; fileEncoding = 4; lastKnownFileType = sourcecode.swift; path = "SKNode+Extensions.swift"; sourceTree = "<group>"; };
		62E88D6F1A8BD7AB00B07CCA /* SKTAudio.swift */ = {isa = PBXFileReference; fileEncoding = 4; lastKnownFileType = sourcecode.swift; path = SKTAudio.swift; sourceTree = "<group>"; };
		62E88D711A8BD7AB00B07CCA /* SKTEffects.swift */ = {isa = PBXFileReference; fileEncoding = 4; lastKnownFileType = sourcecode.swift; path = SKTEffects.swift; sourceTree = "<group>"; };
		62E88D731A8BD7AB00B07CCA /* SKTTimingFunctions.swift */ = {isa = PBXFileReference; fileEncoding = 4; lastKnownFileType = sourcecode.swift; path = SKTTimingFunctions.swift; sourceTree = "<group>"; };
		62E88D751A8BD7AB00B07CCA /* Vector3.swift */ = {isa = PBXFileReference; fileEncoding = 4; lastKnownFileType = sourcecode.swift; path = Vector3.swift; sourceTree = "<group>"; };
		62E88D8E1A8BD7D500B07CCA /* Word Dude-Bridging-Header.h */ = {isa = PBXFileReference; lastKnownFileType = sourcecode.c.h; path = "Word Dude-Bridging-Header.h"; sourceTree = "<group>"; };
		62E88D911A8BD89200B07CCA /* GameViewController.swift */ = {isa = PBXFileReference; fileEncoding = 4; lastKnownFileType = sourcecode.swift; path = GameViewController.swift; sourceTree = "<group>"; };
/* End PBXFileReference section */

/* Begin PBXFrameworksBuildPhase section */
		62E88D061A8BD69F00B07CCA /* Frameworks */ = {
			isa = PBXFrameworksBuildPhase;
			buildActionMask = 2147483647;
			files = (
			);
			runOnlyForDeploymentPostprocessing = 0;
		};
		62E88D1F1A8BD69F00B07CCA /* Frameworks */ = {
			isa = PBXFrameworksBuildPhase;
			buildActionMask = 2147483647;
			files = (
			);
			runOnlyForDeploymentPostprocessing = 0;
		};
/* End PBXFrameworksBuildPhase section */

/* Begin PBXGroup section */
		625E92781A8D042C00C2F2FA /* LetterFiles */ = {
			isa = PBXGroup;
			children = (
				62AA74A01AB3136C00EEE38D /* A.swift */,
				62AA74A11AB3136C00EEE38D /* B.swift */,
				62AA74A21AB3136C00EEE38D /* C.swift */,
				62AA74A31AB3136C00EEE38D /* E.swift */,
				62AA74A41AB3136C00EEE38D /* G.swift */,
				62AA74A51AB3136C00EEE38D /* H.swift */,
				62AA74A61AB3136C00EEE38D /* I.swift */,
				62AA74A71AB3136C00EEE38D /* K.swift */,
				62AA74A81AB3136C00EEE38D /* L.swift */,
				62AA74A91AB3136C00EEE38D /* M.swift */,
				62AA74AA1AB3136C00EEE38D /* N.swift */,
				62AA74AB1AB3136C00EEE38D /* O.swift */,
				62AA74AC1AB3136C00EEE38D /* P.swift */,
				62AA74AD1AB3136C00EEE38D /* R.swift */,
				62AA74AE1AB3136C00EEE38D /* S.swift */,
				62AA74AF1AB3136C00EEE38D /* T.swift */,
				62AA74B01AB3136C00EEE38D /* U.swift */,
				62AA74B11AB3136C00EEE38D /* X.swift */,
				62AA74B21AB3136C00EEE38D /* Y.swift */,
			);
			name = LetterFiles;
			sourceTree = "<group>";
		};
		62A07D4D1AA0A02500E01D66 /* Sounds */ = {
			isa = PBXGroup;
			children = (
				62A07D4E1AA0A03C00E01D66 /* BaddieLaser.mp3 */,
				62A07D501AA0A03C00E01D66 /* EnemyLaugh.mp3 */,
				62A07D511AA0A03C00E01D66 /* LaserHit.mp3 */,
				626B52311AA88ACE0028C232 /* OutOfRangeSound.mp3 */,
				62A07D531AA0A03C00E01D66 /* starsMusic.mp3 */,
				62A07D541AA0A03C00E01D66 /* WordDudeBG.mp3 */,
				62A07D551AA0A03C00E01D66 /* Yeah.mp3 */,
				62D775381AA8A38400CB703B /* EnemyExplodes.mp3 */,
				62D775391AA8A38400CB703B /* RocketLaunch.mp3 */,
			);
			name = Sounds;
			sourceTree = "<group>";
		};
		62AA74CC1AB313DB00EEE38D /* Game Items */ = {
			isa = PBXGroup;
			children = (
				62AA74C61AB313CC00EEE38D /* Baddie.swift */,
				62AA74C71AB313CC00EEE38D /* Moon.swift */,
				62AA74C81AB313CC00EEE38D /* Player.swift */,
			);
			name = "Game Items";
			sourceTree = "<group>";
		};
		62AA74CD1AB3144100EEE38D /* Art */ = {
			isa = PBXGroup;
			children = (
				62AA74D41AB3144100EEE38D /* Image Atlas */,
				62AA74CE1AB3144100EEE38D /* Continue.png */,
				62AA74CF1AB3144100EEE38D /* fire.png */,
				62AA74D01AB3144100EEE38D /* GreenHealth.png */,
				62AA74D11AB3144100EEE38D /* HUD.png */,
				62AA74D21AB3144100EEE38D /* HUD2.png */,
				62AA74D31AB3144100EEE38D /* HUDfire.png */,
				62AA74D81AB3144100EEE38D /* Instruction.png */,
				62AA74D91AB3144100EEE38D /* Instructions.png */,
				62AA74DA1AB3144100EEE38D /* InstructionsScreen.png */,
				62AA74DB1AB3144100EEE38D /* JustSpace2.png */,
				62AA74DD1AB3144100EEE38D /* Launch.png */,
				62AA74DE1AB3144100EEE38D /* letterBlank.png */,
				62AA74DF1AB3144100EEE38D /* MainMenu.png */,
				62AA74E01AB3144100EEE38D /* NextWord.png */,
				62AA74E11AB3144100EEE38D /* OutOfRange.png */,
				62AA74E21AB3144100EEE38D /* pause.png */,
				62AA74E31AB3144100EEE38D /* PauseMenuBG.png */,
				62AA74E41AB3144100EEE38D /* PlayGame.png */,
				62AA74E51AB3144100EEE38D /* ShipStatus.png */,
				62AA74E61AB3144100EEE38D /* spark.png */,
				62AA74E71AB3144100EEE38D /* spark2.png */,
				62AA74E81AB3144100EEE38D /* spark3.png */,
				62AA74E91AB3144100EEE38D /* TryAgain.png */,
				62AA74EA1AB3144100EEE38D /* YouDidIt.png */,
				62AA74EB1AB3144100EEE38D /* YouExploded.png */,
			);
			path = Art;
			sourceTree = "<group>";
		};
		62AA74D41AB3144100EEE38D /* Image Atlas */ = {
			isa = PBXGroup;
			children = (
				62AA74D51AB3144100EEE38D /* characters.atlas */,
				62AA74D61AB3144100EEE38D /* letters.atlas */,
				62AA74D71AB3144100EEE38D /* scenery.atlas */,
			);
			path = "Image Atlas";
			sourceTree = "<group>";
		};
		62AA75091AB314FD00EEE38D /* Particles */ = {
			isa = PBXGroup;
			children = (
				62AA750A1AB314FD00EEE38D /* EnemyEngine.sks */,
				62AA750B1AB314FD00EEE38D /* EnemyEngine~.sks */,
				62AA750C1AB314FD00EEE38D /* EnemyExplodes.sks */,
				62AA750D1AB314FD00EEE38D /* Engines.sks */,
				62AA750E1AB314FD00EEE38D /* Stars.sks */,
			);
			path = Particles;
			sourceTree = "<group>";
		};
		62E88D001A8BD69F00B07CCA = {
			isa = PBXGroup;
			children = (
				62E88D0B1A8BD69F00B07CCA /* Word Dude */,
				62E88D251A8BD69F00B07CCA /* Word DudeTests */,
				62E88D0A1A8BD69F00B07CCA /* Products */,
			);
			sourceTree = "<group>";
		};
		62E88D0A1A8BD69F00B07CCA /* Products */ = {
			isa = PBXGroup;
			children = (
				62E88D091A8BD69F00B07CCA /* Word Dude.app */,
				62E88D221A8BD69F00B07CCA /* Word DudeTests.xctest */,
			);
			name = Products;
			sourceTree = "<group>";
		};
		62E88D0B1A8BD69F00B07CCA /* Word Dude */ = {
			isa = PBXGroup;
			children = (
				62E88D391A8BD77000B07CCA /* AppDelegate.swift */,
				62E88D911A8BD89200B07CCA /* GameViewController.swift */,
				62E88D3B1A8BD77900B07CCA /* GameScene.swift */,
				62E88D401A8BD79500B07CCA /* Types.swift */,
				62E88D3D1A8BD78C00B07CCA /* TileMapLayer.swift */,
				62E88D191A8BD69F00B07CCA /* Images.xcassets */,
				62E88D161A8BD69F00B07CCA /* Main.storyboard */,
				62E88D1B1A8BD69F00B07CCA /* LaunchScreen.xib */,
				62AA74CC1AB313DB00EEE38D /* Game Items */,
				625E92781A8D042C00C2F2FA /* LetterFiles */,
				62E88D431A8BD79F00B07CCA /* Resources */,
				62E88D5D1A8BD7AB00B07CCA /* SKTUtils */,
				62E88D0C1A8BD69F00B07CCA /* Supporting Files */,
			);
			path = "Word Dude";
			sourceTree = "<group>";
		};
		62E88D0C1A8BD69F00B07CCA /* Supporting Files */ = {
			isa = PBXGroup;
			children = (
				62E88D8E1A8BD7D500B07CCA /* Word Dude-Bridging-Header.h */,
				62E88D0D1A8BD69F00B07CCA /* Info.plist */,
			);
			name = "Supporting Files";
			sourceTree = "<group>";
		};
		62E88D251A8BD69F00B07CCA /* Word DudeTests */ = {
			isa = PBXGroup;
			children = (
				62E88D281A8BD69F00B07CCA /* Word_DudeTests.swift */,
				62E88D261A8BD69F00B07CCA /* Supporting Files */,
			);
			path = "Word DudeTests";
			sourceTree = "<group>";
		};
		62E88D261A8BD69F00B07CCA /* Supporting Files */ = {
			isa = PBXGroup;
			children = (
				62E88D271A8BD69F00B07CCA /* Info.plist */,
			);
			name = "Supporting Files";
			sourceTree = "<group>";
		};
		62E88D431A8BD79F00B07CCA /* Resources */ = {
			isa = PBXGroup;
			children = (
				62AA74CD1AB3144100EEE38D /* Art */,
				62E88D481A8BD79F00B07CCA /* Levels */,
				62AA75091AB314FD00EEE38D /* Particles */,
				62A07D4D1AA0A02500E01D66 /* Sounds */,
			);
			path = Resources;
			sourceTree = "<group>";
		};
		62E88D481A8BD79F00B07CCA /* Levels */ = {
			isa = PBXGroup;
			children = (
				62E88D491A8BD79F00B07CCA /* level-1-background.txt */,
				62E88D4A1A8BD79F00B07CCA /* level-1-rocket.txt */,
				62E88D4D1A8BD79F00B07CCA /* level-2-cosmos.txt */,
				6228F4E91A962ED500EA11A8 /* level-3-planet.txt */,
				6228F4EA1A962ED500EA11A8 /* level-4-space.txt */,
				6228F4EB1A962ED500EA11A8 /* level-5-stars.txt */,
				6228F4EC1A962ED500EA11A8 /* level-6-earth.txt */,
				6228F4ED1A962ED500EA11A8 /* level-7-moon.txt */,
				62D775491AA8AAD700CB703B /* level-8-orbit.txt */,
				62D7754A1AA8AAD700CB703B /* level-9-comet.txt */,
				62D7754B1AA8AAD700CB703B /* level-10-galaxy.txt */,
				62D7754C1AA8AAD700CB703B /* level-11-nebula.txt */,
				62D7754D1AA8AAD700CB703B /* level-12-sun.txt */,
				62E88D501A8BD79F00B07CCA /* Levels.plist */,
				62E88D511A8BD79F00B07CCA /* TileMapLayerLoader.swift */,
			);
			path = Levels;
			sourceTree = "<group>";
		};
		62E88D5D1A8BD7AB00B07CCA /* SKTUtils */ = {
			isa = PBXGroup;
			children = (
				62E88D5F1A8BD7AB00B07CCA /* CGFloat+Extensions.swift */,
				62E88D611A8BD7AB00B07CCA /* CGPoint+Extensions.swift */,
				62E88D631A8BD7AB00B07CCA /* CGVector+Extensions.swift */,
				62E88D651A8BD7AB00B07CCA /* Int+Extensions.swift */,
				62E88D671A8BD7AB00B07CCA /* SKAction+Extensions.swift */,
				62E88D691A8BD7AB00B07CCA /* SKAction+SpecialEffects.swift */,
				62E88D6B1A8BD7AB00B07CCA /* SKColor+Extensions.swift */,
				62E88D6D1A8BD7AB00B07CCA /* SKNode+Extensions.swift */,
				62E88D6F1A8BD7AB00B07CCA /* SKTAudio.swift */,
				62E88D711A8BD7AB00B07CCA /* SKTEffects.swift */,
				62E88D731A8BD7AB00B07CCA /* SKTTimingFunctions.swift */,
				62E88D751A8BD7AB00B07CCA /* Vector3.swift */,
			);
			path = SKTUtils;
			sourceTree = "<group>";
		};
/* End PBXGroup section */

/* Begin PBXNativeTarget section */
		62E88D081A8BD69F00B07CCA /* Word Dude */ = {
			isa = PBXNativeTarget;
			buildConfigurationList = 62E88D2C1A8BD69F00B07CCA /* Build configuration list for PBXNativeTarget "Word Dude" */;
			buildPhases = (
				62E88D051A8BD69F00B07CCA /* Sources */,
				62E88D061A8BD69F00B07CCA /* Frameworks */,
				62E88D071A8BD69F00B07CCA /* Resources */,
			);
			buildRules = (
			);
			dependencies = (
			);
			name = "Word Dude";
			productName = "Word Dude";
			productReference = 62E88D091A8BD69F00B07CCA /* Word Dude.app */;
			productType = "com.apple.product-type.application";
		};
		62E88D211A8BD69F00B07CCA /* Word DudeTests */ = {
			isa = PBXNativeTarget;
			buildConfigurationList = 62E88D2F1A8BD69F00B07CCA /* Build configuration list for PBXNativeTarget "Word DudeTests" */;
			buildPhases = (
				62E88D1E1A8BD69F00B07CCA /* Sources */,
				62E88D1F1A8BD69F00B07CCA /* Frameworks */,
				62E88D201A8BD69F00B07CCA /* Resources */,
			);
			buildRules = (
			);
			dependencies = (
				62E88D241A8BD69F00B07CCA /* PBXTargetDependency */,
			);
			name = "Word DudeTests";
			productName = "Word DudeTests";
			productReference = 62E88D221A8BD69F00B07CCA /* Word DudeTests.xctest */;
			productType = "com.apple.product-type.bundle.unit-test";
		};
/* End PBXNativeTarget section */

/* Begin PBXProject section */
		62E88D011A8BD69F00B07CCA /* Project object */ = {
			isa = PBXProject;
			attributes = {
				LastUpgradeCheck = 0610;
				ORGANIZATIONNAME = "Steve O'Gallagher";
				TargetAttributes = {
					62E88D081A8BD69F00B07CCA = {
						CreatedOnToolsVersion = 6.1.1;
						DevelopmentTeam = 7889MQFAT6;
					};
					62E88D211A8BD69F00B07CCA = {
						CreatedOnToolsVersion = 6.1.1;
						TestTargetID = 62E88D081A8BD69F00B07CCA;
					};
				};
			};
			buildConfigurationList = 62E88D041A8BD69F00B07CCA /* Build configuration list for PBXProject "Word Dude" */;
			compatibilityVersion = "Xcode 3.2";
			developmentRegion = English;
			hasScannedForEncodings = 0;
			knownRegions = (
				en,
				Base,
			);
			mainGroup = 62E88D001A8BD69F00B07CCA;
			productRefGroup = 62E88D0A1A8BD69F00B07CCA /* Products */;
			projectDirPath = "";
			projectRoot = "";
			targets = (
				62E88D081A8BD69F00B07CCA /* Word Dude */,
				62E88D211A8BD69F00B07CCA /* Word DudeTests */,
			);
		};
/* End PBXProject section */

/* Begin PBXResourcesBuildPhase section */
		62E88D071A8BD69F00B07CCA /* Resources */ = {
			isa = PBXResourcesBuildPhase;
			buildActionMask = 2147483647;
			files = (
				62AA75031AB3144100EEE38D /* spark.png in Resources */,
				626B52381AA895440028C232 /* LaunchScreen.xib in Resources */,
				62AA74F81AB3144100EEE38D /* JustSpace2.png in Resources */,
				62D775501AA8AAD700CB703B /* level-10-galaxy.txt in Resources */,
				62A07D581AA0A03C00E01D66 /* EnemyLaugh.mp3 in Resources */,
				62AA75131AB314FD00EEE38D /* Stars.sks in Resources */,
				62AA74EE1AB3144100EEE38D /* GreenHealth.png in Resources */,
				62AA75011AB3144100EEE38D /* PlayGame.png in Resources */,
				62A07D5C1AA0A03C00E01D66 /* WordDudeBG.mp3 in Resources */,
				62AA75041AB3144100EEE38D /* spark2.png in Resources */,
				62AA74EC1AB3144100EEE38D /* Continue.png in Resources */,
				62D775531AA8DDB600CB703B /* Main.storyboard in Resources */,
				6228F4EE1A962ED500EA11A8 /* level-3-planet.txt in Resources */,
				62AA74F41AB3144100EEE38D /* scenery.atlas in Resources */,
				62D7753B1AA8A38400CB703B /* RocketLaunch.mp3 in Resources */,
				62AA74FF1AB3144100EEE38D /* pause.png in Resources */,
				62AA74F61AB3144100EEE38D /* Instructions.png in Resources */,
				62AA74F21AB3144100EEE38D /* characters.atlas in Resources */,
				62AA74F71AB3144100EEE38D /* InstructionsScreen.png in Resources */,
				62A07D5B1AA0A03C00E01D66 /* starsMusic.mp3 in Resources */,
				62AA75101AB314FD00EEE38D /* EnemyEngine~.sks in Resources */,
				62AA75111AB314FD00EEE38D /* EnemyExplodes.sks in Resources */,
				62AA74F51AB3144100EEE38D /* Instruction.png in Resources */,
				62A07D561AA0A03C00E01D66 /* BaddieLaser.mp3 in Resources */,
				626B52321AA88ACE0028C232 /* OutOfRangeSound.mp3 in Resources */,
				62AA75121AB314FD00EEE38D /* Engines.sks in Resources */,
				62AA75081AB3144100EEE38D /* YouExploded.png in Resources */,
				62A07D5D1AA0A03C00E01D66 /* Yeah.mp3 in Resources */,
				62AA74FC1AB3144100EEE38D /* MainMenu.png in Resources */,
				62AA75061AB3144100EEE38D /* TryAgain.png in Resources */,
				62AA74F01AB3144100EEE38D /* HUD2.png in Resources */,
				62D7753A1AA8A38400CB703B /* EnemyExplodes.mp3 in Resources */,
				62E88D1A1A8BD69F00B07CCA /* Images.xcassets in Resources */,
				62D775511AA8AAD700CB703B /* level-11-nebula.txt in Resources */,
				62AA74FD1AB3144100EEE38D /* NextWord.png in Resources */,
				62AA75071AB3144100EEE38D /* YouDidIt.png in Resources */,
				62D7754F1AA8AAD700CB703B /* level-9-comet.txt in Resources */,
				62E88D581A8BD79F00B07CCA /* level-2-cosmos.txt in Resources */,
				62A07D591AA0A03C00E01D66 /* LaserHit.mp3 in Resources */,
				62AA74FB1AB3144100EEE38D /* letterBlank.png in Resources */,
				62E88D551A8BD79F00B07CCA /* level-1-rocket.txt in Resources */,
				62AA74F11AB3144100EEE38D /* HUDfire.png in Resources */,
				62AA74FE1AB3144100EEE38D /* OutOfRange.png in Resources */,
				62AA74EF1AB3144100EEE38D /* HUD.png in Resources */,
				6228F4F01A962ED500EA11A8 /* level-5-stars.txt in Resources */,
				62AA750F1AB314FD00EEE38D /* EnemyEngine.sks in Resources */,
				62AA74FA1AB3144100EEE38D /* Launch.png in Resources */,
				62AA75001AB3144100EEE38D /* PauseMenuBG.png in Resources */,
				6228F4F11A962ED500EA11A8 /* level-6-earth.txt in Resources */,
				62AA75021AB3144100EEE38D /* ShipStatus.png in Resources */,
				62AA74F31AB3144100EEE38D /* letters.atlas in Resources */,
				62AA74ED1AB3144100EEE38D /* fire.png in Resources */,
				62D7754E1AA8AAD700CB703B /* level-8-orbit.txt in Resources */,
				62E88D5B1A8BD79F00B07CCA /* Levels.plist in Resources */,
				62E88D541A8BD79F00B07CCA /* level-1-background.txt in Resources */,
				62AA75051AB3144100EEE38D /* spark3.png in Resources */,
				6228F4F21A962ED500EA11A8 /* level-7-moon.txt in Resources */,
				6228F4EF1A962ED500EA11A8 /* level-4-space.txt in Resources */,
				62D775521AA8AAD700CB703B /* level-12-sun.txt in Resources */,
			);
			runOnlyForDeploymentPostprocessing = 0;
		};
		62E88D201A8BD69F00B07CCA /* Resources */ = {
			isa = PBXResourcesBuildPhase;
			buildActionMask = 2147483647;
			files = (
			);
			runOnlyForDeploymentPostprocessing = 0;
		};
/* End PBXResourcesBuildPhase section */

/* Begin PBXSourcesBuildPhase section */
		62E88D051A8BD69F00B07CCA /* Sources */ = {
			isa = PBXSourcesBuildPhase;
			buildActionMask = 2147483647;
			files = (
				62E88D921A8BD89200B07CCA /* GameViewController.swift in Sources */,
				62E88D8B1A8BD7AB00B07CCA /* SKTTimingFunctions.swift in Sources */,
				62E88D811A8BD7AB00B07CCA /* SKAction+SpecialEffects.swift in Sources */,
				62AA74B31AB3136C00EEE38D /* A.swift in Sources */,
				62E88D5C1A8BD79F00B07CCA /* TileMapLayerLoader.swift in Sources */,
				62AA74C01AB3136C00EEE38D /* R.swift in Sources */,
				62E88D3E1A8BD78C00B07CCA /* TileMapLayer.swift in Sources */,
				62AA74B81AB3136C00EEE38D /* H.swift in Sources */,
				62AA74B71AB3136C00EEE38D /* G.swift in Sources */,
				62E88D3C1A8BD77900B07CCA /* GameScene.swift in Sources */,
				62AA74BB1AB3136C00EEE38D /* L.swift in Sources */,
				62AA74B61AB3136C00EEE38D /* E.swift in Sources */,
				62E88D791A8BD7AB00B07CCA /* CGPoint+Extensions.swift in Sources */,
				62AA74BC1AB3136C00EEE38D /* M.swift in Sources */,
				62AA74BD1AB3136C00EEE38D /* N.swift in Sources */,
				62AA74C41AB3136C00EEE38D /* X.swift in Sources */,
				62AA74B41AB3136C00EEE38D /* B.swift in Sources */,
				62AA74BA1AB3136C00EEE38D /* K.swift in Sources */,
				62E88D7B1A8BD7AB00B07CCA /* CGVector+Extensions.swift in Sources */,
				62AA74CA1AB313CC00EEE38D /* Moon.swift in Sources */,
				62AA74C21AB3136C00EEE38D /* T.swift in Sources */,
				62E88D7F1A8BD7AB00B07CCA /* SKAction+Extensions.swift in Sources */,
				62E88D421A8BD79500B07CCA /* Types.swift in Sources */,
				62E88D891A8BD7AB00B07CCA /* SKTEffects.swift in Sources */,
				62E88D831A8BD7AB00B07CCA /* SKColor+Extensions.swift in Sources */,
				62AA74BF1AB3136C00EEE38D /* P.swift in Sources */,
				62AA74BE1AB3136C00EEE38D /* O.swift in Sources */,
				62E88D7D1A8BD7AB00B07CCA /* Int+Extensions.swift in Sources */,
				62AA74CB1AB313CC00EEE38D /* Player.swift in Sources */,
				62AA74C31AB3136C00EEE38D /* U.swift in Sources */,
				62E88D771A8BD7AB00B07CCA /* CGFloat+Extensions.swift in Sources */,
				62E88D851A8BD7AB00B07CCA /* SKNode+Extensions.swift in Sources */,
				62AA74B91AB3136C00EEE38D /* I.swift in Sources */,
				62E88D871A8BD7AB00B07CCA /* SKTAudio.swift in Sources */,
				62AA74C51AB3136C00EEE38D /* Y.swift in Sources */,
				62AA74B51AB3136C00EEE38D /* C.swift in Sources */,
				62AA74C11AB3136C00EEE38D /* S.swift in Sources */,
				62E88D3A1A8BD77000B07CCA /* AppDelegate.swift in Sources */,
				62AA74C91AB313CC00EEE38D /* Baddie.swift in Sources */,
				62E88D8D1A8BD7AB00B07CCA /* Vector3.swift in Sources */,
			);
			runOnlyForDeploymentPostprocessing = 0;
		};
		62E88D1E1A8BD69F00B07CCA /* Sources */ = {
			isa = PBXSourcesBuildPhase;
			buildActionMask = 2147483647;
			files = (
				62E88D291A8BD69F00B07CCA /* Word_DudeTests.swift in Sources */,
			);
			runOnlyForDeploymentPostprocessing = 0;
		};
/* End PBXSourcesBuildPhase section */

/* Begin PBXTargetDependency section */
		62E88D241A8BD69F00B07CCA /* PBXTargetDependency */ = {
			isa = PBXTargetDependency;
			target = 62E88D081A8BD69F00B07CCA /* Word Dude */;
			targetProxy = 62E88D231A8BD69F00B07CCA /* PBXContainerItemProxy */;
		};
/* End PBXTargetDependency section */

/* Begin PBXVariantGroup section */
		62E88D161A8BD69F00B07CCA /* Main.storyboard */ = {
			isa = PBXVariantGroup;
			children = (
				62E88D171A8BD69F00B07CCA /* Base */,
				62D775551AA8DDC500CB703B /* en */,
			);
			name = Main.storyboard;
			sourceTree = "<group>";
		};
		62E88D1B1A8BD69F00B07CCA /* LaunchScreen.xib */ = {
			isa = PBXVariantGroup;
			children = (
				62D775371AA8A0C300CB703B /* en */,
				62D7753C1AA8A5CE00CB703B /* Base */,
			);
			name = LaunchScreen.xib;
			sourceTree = "<group>";
		};
/* End PBXVariantGroup section */

/* Begin XCBuildConfiguration section */
		62E88D2A1A8BD69F00B07CCA /* Debug */ = {
			isa = XCBuildConfiguration;
			buildSettings = {
				ALWAYS_SEARCH_USER_PATHS = NO;
				CLANG_CXX_LANGUAGE_STANDARD = "gnu++0x";
				CLANG_CXX_LIBRARY = "libc++";
				CLANG_ENABLE_MODULES = YES;
				CLANG_ENABLE_OBJC_ARC = YES;
				CLANG_WARN_BOOL_CONVERSION = YES;
				CLANG_WARN_CONSTANT_CONVERSION = YES;
				CLANG_WARN_DIRECT_OBJC_ISA_USAGE = YES_ERROR;
				CLANG_WARN_EMPTY_BODY = YES;
				CLANG_WARN_ENUM_CONVERSION = YES;
				CLANG_WARN_INT_CONVERSION = YES;
				CLANG_WARN_OBJC_ROOT_CLASS = YES_ERROR;
				CLANG_WARN_UNREACHABLE_CODE = YES;
				CLANG_WARN__DUPLICATE_METHOD_MATCH = YES;
				"CODE_SIGN_IDENTITY[sdk=iphoneos*]" = "iPhone Developer";
				COPY_PHASE_STRIP = NO;
				ENABLE_STRICT_OBJC_MSGSEND = YES;
				GCC_C_LANGUAGE_STANDARD = gnu99;
				GCC_DYNAMIC_NO_PIC = NO;
				GCC_OPTIMIZATION_LEVEL = 0;
				GCC_PREPROCESSOR_DEFINITIONS = (
					"DEBUG=1",
					"$(inherited)",
				);
				GCC_SYMBOLS_PRIVATE_EXTERN = NO;
				GCC_WARN_64_TO_32_BIT_CONVERSION = YES;
				GCC_WARN_ABOUT_RETURN_TYPE = YES_ERROR;
				GCC_WARN_UNDECLARED_SELECTOR = YES;
				GCC_WARN_UNINITIALIZED_AUTOS = YES_AGGRESSIVE;
				GCC_WARN_UNUSED_FUNCTION = YES;
				GCC_WARN_UNUSED_VARIABLE = YES;
				IPHONEOS_DEPLOYMENT_TARGET = 8.1;
				MTL_ENABLE_DEBUG_INFO = YES;
				ONLY_ACTIVE_ARCH = YES;
				SDKROOT = iphoneos;
				SWIFT_OPTIMIZATION_LEVEL = "-Onone";
				TARGETED_DEVICE_FAMILY = "1,2";
			};
			name = Debug;
		};
		62E88D2B1A8BD69F00B07CCA /* Release */ = {
			isa = XCBuildConfiguration;
			buildSettings = {
				ALWAYS_SEARCH_USER_PATHS = NO;
				CLANG_CXX_LANGUAGE_STANDARD = "gnu++0x";
				CLANG_CXX_LIBRARY = "libc++";
				CLANG_ENABLE_MODULES = YES;
				CLANG_ENABLE_OBJC_ARC = YES;
				CLANG_WARN_BOOL_CONVERSION = YES;
				CLANG_WARN_CONSTANT_CONVERSION = YES;
				CLANG_WARN_DIRECT_OBJC_ISA_USAGE = YES_ERROR;
				CLANG_WARN_EMPTY_BODY = YES;
				CLANG_WARN_ENUM_CONVERSION = YES;
				CLANG_WARN_INT_CONVERSION = YES;
				CLANG_WARN_OBJC_ROOT_CLASS = YES_ERROR;
				CLANG_WARN_UNREACHABLE_CODE = YES;
				CLANG_WARN__DUPLICATE_METHOD_MATCH = YES;
				"CODE_SIGN_IDENTITY[sdk=iphoneos*]" = "iPhone Developer";
				COPY_PHASE_STRIP = YES;
				ENABLE_NS_ASSERTIONS = NO;
				ENABLE_STRICT_OBJC_MSGSEND = YES;
				GCC_C_LANGUAGE_STANDARD = gnu99;
				GCC_WARN_64_TO_32_BIT_CONVERSION = YES;
				GCC_WARN_ABOUT_RETURN_TYPE = YES_ERROR;
				GCC_WARN_UNDECLARED_SELECTOR = YES;
				GCC_WARN_UNINITIALIZED_AUTOS = YES_AGGRESSIVE;
				GCC_WARN_UNUSED_FUNCTION = YES;
				GCC_WARN_UNUSED_VARIABLE = YES;
				IPHONEOS_DEPLOYMENT_TARGET = 8.1;
				MTL_ENABLE_DEBUG_INFO = NO;
				SDKROOT = iphoneos;
				TARGETED_DEVICE_FAMILY = "1,2";
				VALIDATE_PRODUCT = YES;
			};
			name = Release;
		};
		62E88D2D1A8BD69F00B07CCA /* Debug */ = {
			isa = XCBuildConfiguration;
			buildSettings = {
				ASSETCATALOG_COMPILER_APPICON_NAME = AppIcon;
				CLANG_ENABLE_MODULES = YES;
				CODE_SIGN_IDENTITY = "iPhone Distribution: Stephen O'Gallagher (7889MQFAT6)";
				"CODE_SIGN_IDENTITY[sdk=iphoneos*]" = "iPhone Distribution: Stephen O'Gallagher (7889MQFAT6)";
				INFOPLIST_FILE = "Word Dude/Info.plist";
				LD_RUNPATH_SEARCH_PATHS = "$(inherited) @executable_path/Frameworks";
				PRODUCT_NAME = "$(TARGET_NAME)";
				PROVISIONING_PROFILE = "bc33ab60-e5c2-4105-899e-9ca900974d11";
				SWIFT_OBJC_BRIDGING_HEADER = "Word Dude/Word Dude-Bridging-Header.h";
				SWIFT_OPTIMIZATION_LEVEL = "-Onone";
			};
			name = Debug;
		};
		62E88D2E1A8BD69F00B07CCA /* Release */ = {
			isa = XCBuildConfiguration;
			buildSettings = {
				ASSETCATALOG_COMPILER_APPICON_NAME = AppIcon;
				CLANG_ENABLE_MODULES = YES;
				CODE_SIGN_IDENTITY = "iPhone Distribution: Stephen O'Gallagher (7889MQFAT6)";
				"CODE_SIGN_IDENTITY[sdk=iphoneos*]" = "iPhone Distribution: Stephen O'Gallagher (7889MQFAT6)";
				INFOPLIST_FILE = "Word Dude/Info.plist";
				LD_RUNPATH_SEARCH_PATHS = "$(inherited) @executable_path/Frameworks";
				PRODUCT_NAME = "$(TARGET_NAME)";
				PROVISIONING_PROFILE = "bc33ab60-e5c2-4105-899e-9ca900974d11";
				SWIFT_OBJC_BRIDGING_HEADER = "Word Dude/Word Dude-Bridging-Header.h";
			};
			name = Release;
		};
		62E88D301A8BD69F00B07CCA /* Debug */ = {
			isa = XCBuildConfiguration;
			buildSettings = {
				BUNDLE_LOADER = "$(TEST_HOST)";
				FRAMEWORK_SEARCH_PATHS = (
					"$(SDKROOT)/Developer/Library/Frameworks",
					"$(inherited)",
				);
				GCC_PREPROCESSOR_DEFINITIONS = (
					"DEBUG=1",
					"$(inherited)",
				);
				INFOPLIST_FILE = "Word DudeTests/Info.plist";
				LD_RUNPATH_SEARCH_PATHS = "$(inherited) @executable_path/Frameworks @loader_path/Frameworks";
				PRODUCT_NAME = "$(TARGET_NAME)";
				TEST_HOST = "$(BUILT_PRODUCTS_DIR)/Word Dude.app/Word Dude";
			};
			name = Debug;
		};
		62E88D311A8BD69F00B07CCA /* Release */ = {
			isa = XCBuildConfiguration;
			buildSettings = {
				BUNDLE_LOADER = "$(TEST_HOST)";
				FRAMEWORK_SEARCH_PATHS = (
					"$(SDKROOT)/Developer/Library/Frameworks",
					"$(inherited)",
				);
				INFOPLIST_FILE = "Word DudeTests/Info.plist";
				LD_RUNPATH_SEARCH_PATHS = "$(inherited) @executable_path/Frameworks @loader_path/Frameworks";
				PRODUCT_NAME = "$(TARGET_NAME)";
				TEST_HOST = "$(BUILT_PRODUCTS_DIR)/Word Dude.app/Word Dude";
			};
			name = Release;
		};
/* End XCBuildConfiguration section */

/* Begin XCConfigurationList section */
		62E88D041A8BD69F00B07CCA /* Build configuration list for PBXProject "Word Dude" */ = {
			isa = XCConfigurationList;
			buildConfigurations = (
				62E88D2A1A8BD69F00B07CCA /* Debug */,
				62E88D2B1A8BD69F00B07CCA /* Release */,
			);
			defaultConfigurationIsVisible = 0;
			defaultConfigurationName = Release;
		};
		62E88D2C1A8BD69F00B07CCA /* Build configuration list for PBXNativeTarget "Word Dude" */ = {
			isa = XCConfigurationList;
			buildConfigurations = (
				62E88D2D1A8BD69F00B07CCA /* Debug */,
				62E88D2E1A8BD69F00B07CCA /* Release */,
			);
			defaultConfigurationIsVisible = 0;
			defaultConfigurationName = Release;
		};
		62E88D2F1A8BD69F00B07CCA /* Build configuration list for PBXNativeTarget "Word DudeTests" */ = {
			isa = XCConfigurationList;
			buildConfigurations = (
				62E88D301A8BD69F00B07CCA /* Debug */,
				62E88D311A8BD69F00B07CCA /* Release */,
			);
			defaultConfigurationIsVisible = 0;
			defaultConfigurationName = Release;
		};
/* End XCConfigurationList section */
	};
	rootObject = 62E88D011A8BD69F00B07CCA /* Project object */;
}
